
Microsoft Visual Studio Solution File, Format Version 12.00
# Visual Studio Version 16
VisualStudioVersion = 16.0.31205.134
MinimumVisualStudioVersion = 10.0.40219.1
Project("{9A19103F-16F7-4668-BE54-9A1E7A4F7556}") = "BlocNotasDomingo", "BlocNotasDomingo.csproj", "{D6FB93C4-F907-48C9-AD57-8C4DA2703AF5}"
EndProject
Global
	GlobalSection(SolutionConfigurationPlatforms) = preSolution
		Debug|Any CPU = Debug|Any CPU
		Release|Any CPU = Release|Any CPU
	EndGlobalSection
	GlobalSection(ProjectConfigurationPlatforms) = postSolution
		{D6FB93C4-F907-48C9-AD57-8C4DA2703AF5}.Debug|Any CPU.ActiveCfg = Debug|Any CPU
		{D6FB93C4-F907-48C9-AD57-8C4DA2703AF5}.Debug|Any CPU.Build.0 = Debug|Any CPU
		{D6FB93C4-F907-48C9-AD57-8C4DA2703AF5}.Release|Any CPU.ActiveCfg = Release|Any CPU
		{D6FB93C4-F907-48C9-AD57-8C4DA2703AF5}.Release|Any CPU.Build.0 = Release|Any CPU
	EndGlobalSection
	GlobalSection(SolutionProperties) = preSolution
		HideSolutionNode = FALSE
	EndGlobalSection
	GlobalSection(ExtensibilityGlobals) = postSolution
		SolutionGuid = {CB16A83F-58DC-4F21-9565-3A6A2E7B5F45}
	EndGlobalSection
EndGlobal
